github.com/go-json-experiment/json v0.0.0-20241208081943-bc21dd91e076 h1:ojZyugKGeS0t4PtYFdkbQvvFUdNLM6VOMlx/46SQUHA=
github.com/go-json-experiment/json v0.0.0-20241208081943-bc21dd91e076/go.mod h1:BWmvoE1Xia34f3l/ibJweyhrT+aROb/FQ6d+37F0e2s=
github.com/google/go-cmp v0.6.0 h1:ofyhxvXcZhMsU5ulbFiLKl/XBFqE1GSq7atu8tAmTRI=
github.com/google/go-cmp v0.6.0/go.mod h1:17dUlkBOakJ0+DkrSSNjCkIjxS6bF9zb3elmeNGIjoY=
