github.com/go-json-experiment/json v0.0.0-20250124004741-3d76ae074650 h1:J+1sdh5qqr2BcGbX0BHAr3W770pGck424xlY9OlIrh4=
github.com/go-json-experiment/json v0.0.0-20250124004741-3d76ae074650/go.mod h1:BWmvoE1Xia34f3l/ibJweyhrT+aROb/FQ6d+37F0e2s=
github.com/google/go-cmp v0.6.0 h1:ofyhxvXcZhMsU5ulbFiLKl/XBFqE1GSq7atu8tAmTRI=
github.com/google/go-cmp v0.6.0/go.mod h1:17dUlkBOakJ0+DkrSSNjCkIjxS6bF9zb3elmeNGIjoY=
