github.com/go-json-experiment/json v0.0.0-20250108090738-82e3cf3dca05 h1:quTyRdkK9IzEjIlY2lH8Kf9C6NEsiWA03Q3JfjLW51Q=
github.com/go-json-experiment/json v0.0.0-20250108090738-82e3cf3dca05/go.mod h1:BWmvoE1Xia34f3l/ibJweyhrT+aROb/FQ6d+37F0e2s=
github.com/google/go-cmp v0.6.0 h1:ofyhxvXcZhMsU5ulbFiLKl/XBFqE1GSq7atu8tAmTRI=
github.com/google/go-cmp v0.6.0/go.mod h1:17dUlkBOakJ0+DkrSSNjCkIjxS6bF9zb3elmeNGIjoY=
